{"SurveyEntry":{"SurveyID":"SV_ePWavu5K3FLgTJz","SurveyName":"Adidas_BIBA","SurveyDescription":null,"SurveyOwnerID":"UR_10uvj8my8wwPgme","SurveyBrandID":"qfreeaccountssjc1","DivisionID":"DV_85JEoDyVrGAdPhj","SurveyLanguage":"EN","SurveyActiveResponseSet":"RS_abXxK0b6Vi2kLfn","SurveyStatus":"Inactive","SurveyStartDate":"0000-00-00 00:00:00","SurveyExpirationDate":"0000-00-00 00:00:00","SurveyCreationDate":"2020-11-30 20:54:31","CreatorID":"UR_10uvj8my8wwPgme","LastModified":"2020-11-30 22:33:20","LastAccessed":"0000-00-00 00:00:00","LastActivated":"0000-00-00 00:00:00","Deleted":null},"SurveyElements":[{"SurveyID":"SV_ePWavu5K3FLgTJz","Element":"BL","PrimaryAttribute":"Survey Blocks","SecondaryAttribute":null,"TertiaryAttribute":null,"Payload":[{"Type":"Default","Description":"Date","ID":"BL_etIS06pu0Mr431r","BlockElements":[{"Type":"Question","QuestionID":"QID1"}],"Options":{"BlockLocking":"false","RandomizeQuestions":"false","BlockVisibility":"Expanded"}},{"Type":"Trash","Description":"Trash \/ Unused Questions","ID":"BL_8qUNn98KGM8rpL7","BlockElements":[{"Type":"Question","QuestionID":"QID6"},{"Type":"Question","QuestionID":"QID10"}]},{"Type":"Standard","SubType":"","Description":"StoreID","ID":"BL_0iDEJhqwveexP1j","BlockElements":[{"Type":"Question","QuestionID":"QID2"}],"Options":{"BlockLocking":"false","RandomizeQuestions":"false","BlockVisibility":"Expanded"}},{"Type":"Standard","SubType":"","Description":"ProductName","ID":"BL_b40V5AL9JtNPP2l","BlockElements":[{"Type":"Question","QuestionID":"QID3"}],"Options":{"BlockLocking":"false","RandomizeQuestions":"false","BlockVisibility":"Expanded"}},{"Type":"Standard","SubType":"","Description":"Unit Sold","ID":"BL_9ZZDbwJHfPgYL53","BlockElements":[{"Type":"Question","QuestionID":"QID4"}],"Options":{"BlockLocking":"false","RandomizeQuestions":"false","BlockVisibility":"Expanded"}},{"Type":"Standard","SubType":"","Description":"Country","ID":"BL_1IaWdT5zJg9lN6l","BlockElements":[{"Type":"Question","QuestionID":"QID5"}],"Options":{"BlockLocking":"false","RandomizeQuestions":"false","BlockVisibility":"Collapsed"}},{"Type":"Standard","SubType":"","Description":"Demographics","ID":"BL_9GNEm5d43vUuUf3","BlockElements":[{"Type":"Question","QuestionID":"QID7"},{"Type":"Page Break"},{"Type":"Question","QuestionID":"QID8"},{"Type":"Page Break"},{"Type":"Question","QuestionID":"QID9"},{"Type":"Page Break"},{"Type":"Question","QuestionID":"QID11"},{"Type":"Page Break"},{"Type":"Question","QuestionID":"QID12"}],"Options":{"BlockLocking":"false","RandomizeQuestions":"false","BlockVisibility":"Expanded"}}]},{"SurveyID":"SV_ePWavu5K3FLgTJz","Element":"FL","PrimaryAttribute":"Survey Flow","SecondaryAttribute":null,"TertiaryAttribute":null,"Payload":{"Type":"Root","FlowID":"FL_1","Flow":[{"Type":"Block","ID":"BL_etIS06pu0Mr431r","FlowID":"FL_2","Autofill":[]},{"Type":"Standard","ID":"BL_0iDEJhqwveexP1j","FlowID":"FL_3","Autofill":[]},{"Type":"Standard","ID":"BL_b40V5AL9JtNPP2l","FlowID":"FL_4","Autofill":[]},{"Type":"Group","FlowID":"FL_65","Description":"ProductID","Flow":[{"Type":"Branch","FlowID":"FL_6","Description":"New Branch","BranchLogic":{"0":{"0":{"LogicType":"Question","QuestionID":"QID3","QuestionIsInLoop":"no","ChoiceLocator":"q:\/\/QID3\/SelectableChoice\/1","Operator":"Selected","QuestionIDFromLocator":"QID3","LeftOperand":"q:\/\/QID3\/SelectableChoice\/1","Type":"Expression","Description":"<span class=\"ConjDesc\">If<\/span> <span class=\"QuestionDesc\">ProductName<\/span> <span class=\"LeftOpDesc\">Stan Smith<\/span> <span class=\"OpDesc\">Is Selected<\/span> "},"Type":"If"},"Type":"BooleanExpression"},"Flow":[{"Type":"EmbeddedData","FlowID":"FL_5","EmbeddedData":[{"Description":"ProductID","Type":"Custom","Field":"ProductID","VariableType":"String","DataVisibility":[],"AnalyzeText":false,"Value":"P001"},{"Description":"Price per unit","Type":"Custom","Field":"Price per unit","VariableType":"String","DataVisibility":[],"AnalyzeText":false,"Value":"150"}]}]},{"Type":"Branch","FlowID":"FL_7","Description":"New Branch","BranchLogic":{"0":{"0":{"LogicType":"Question","QuestionID":"QID3","QuestionIsInLoop":"no","ChoiceLocator":"q:\/\/QID3\/SelectableChoice\/2","Operator":"Selected","QuestionIDFromLocator":"QID3","LeftOperand":"q:\/\/QID3\/SelectableChoice\/2","Type":"Expression","Description":"<span class=\"ConjDesc\">If<\/span> <span class=\"QuestionDesc\">ProductName<\/span> <span class=\"LeftOpDesc\">Ultra Boost<\/span> <span class=\"OpDesc\">Is Selected<\/span> "},"Type":"If"},"Type":"BooleanExpression"},"Flow":[{"Type":"EmbeddedData","FlowID":"FL_8","EmbeddedData":[{"Description":"ProductID","Type":"Custom","Field":"ProductID","VariableType":"String","DataVisibility":[],"AnalyzeText":false,"Value":"P002"},{"Description":"Price per unit","Type":"Custom","Field":"Price per unit","VariableType":"String","DataVisibility":[],"AnalyzeText":false,"Value":"114"}]}]},{"Type":"Branch","FlowID":"FL_9","Description":"New Branch","BranchLogic":{"0":{"0":{"LogicType":"Question","QuestionID":"QID3","QuestionIsInLoop":"no","ChoiceLocator":"q:\/\/QID3\/SelectableChoice\/3","Operator":"Selected","QuestionIDFromLocator":"QID3","LeftOperand":"q:\/\/QID3\/SelectableChoice\/3","Type":"Expression","Description":"<span class=\"ConjDesc\">If<\/span> <span class=\"QuestionDesc\">ProductName<\/span> <span class=\"LeftOpDesc\">Gazelle<\/span> <span class=\"OpDesc\">Is Selected<\/span> "},"Type":"If"},"Type":"BooleanExpression"},"Flow":[{"Type":"EmbeddedData","FlowID":"FL_10","EmbeddedData":[{"Description":"ProductID","Type":"Custom","Field":"ProductID","VariableType":"String","DataVisibility":[],"AnalyzeText":false,"Value":"P003"},{"Description":"Price per unit","Type":"Custom","Field":"Price per unit","VariableType":"String","DataVisibility":[],"AnalyzeText":false,"Value":"120"}]}]},{"Type":"Branch","FlowID":"FL_11","Description":"New Branch","BranchLogic":{"0":{"0":{"LogicType":"Question","QuestionID":"QID3","QuestionIsInLoop":"no","ChoiceLocator":"q:\/\/QID3\/SelectableChoice\/4","Operator":"Selected","QuestionIDFromLocator":"QID3","LeftOperand":"q:\/\/QID3\/SelectableChoice\/4","Type":"Expression","Description":"<span class=\"ConjDesc\">If<\/span> <span class=\"QuestionDesc\">ProductName<\/span> <span class=\"LeftOpDesc\">Samba<\/span> <span class=\"OpDesc\">Is Selected<\/span> "},"Type":"If"},"Type":"BooleanExpression"},"Flow":[{"Type":"EmbeddedData","FlowID":"FL_12","EmbeddedData":[{"Description":"ProductID","Type":"Custom","Field":"ProductID","VariableType":"String","DataVisibility":[],"AnalyzeText":false,"Value":"P004"},{"Description":"Price per unit","Type":"Custom","Field":"Price per unit","VariableType":"String","DataVisibility":[],"AnalyzeText":false,"Value":"100"}]}]},{"Type":"Branch","FlowID":"FL_13","Description":"New Branch","BranchLogic":{"0":{"0":{"LogicType":"Question","QuestionID":"QID3","QuestionIsInLoop":"no","ChoiceLocator":"q:\/\/QID3\/SelectableChoice\/5","Operator":"Selected","QuestionIDFromLocator":"QID3","LeftOperand":"q:\/\/QID3\/SelectableChoice\/5","Type":"Expression","Description":"<span class=\"ConjDesc\">If<\/span> <span class=\"QuestionDesc\">ProductName<\/span> <span class=\"LeftOpDesc\">Yeezy Powerphase<\/span> <span class=\"OpDesc\">Is Selected<\/span> "},"Type":"If"},"Type":"BooleanExpression"},"Flow":[{"Type":"EmbeddedData","FlowID":"FL_14","EmbeddedData":[{"Description":"ProductID","Type":"Custom","Field":"ProductID","VariableType":"String","DataVisibility":[],"AnalyzeText":false,"Value":"P005"},{"Description":"Price per unit","Type":"Custom","Field":"Price per unit","VariableType":"String","DataVisibility":[],"AnalyzeText":false,"Value":"130"}]}]},{"Type":"Branch","FlowID":"FL_15","Description":"New Branch","BranchLogic":{"0":{"0":{"LogicType":"Question","QuestionID":"QID3","QuestionIsInLoop":"no","ChoiceLocator":"q:\/\/QID3\/SelectableChoice\/6","Operator":"Selected","QuestionIDFromLocator":"QID3","LeftOperand":"q:\/\/QID3\/SelectableChoice\/6","Type":"Expression","Description":"<span class=\"ConjDesc\">If<\/span> <span class=\"QuestionDesc\">ProductName<\/span> <span class=\"LeftOpDesc\">NMD<\/span> <span class=\"OpDesc\">Is Selected<\/span> "},"Type":"If"},"Type":"BooleanExpression"},"Flow":[{"Type":"EmbeddedData","FlowID":"FL_16","EmbeddedData":[{"Description":"ProductID","Type":"Custom","Field":"ProductID","VariableType":"String","DataVisibility":[],"AnalyzeText":false,"Value":"P006"},{"Description":"Price per unit","Type":"Custom","Field":"Price per unit","VariableType":"String","DataVisibility":[],"AnalyzeText":false,"Value":"160"}]}]},{"Type":"Branch","FlowID":"FL_17","Description":"New Branch","BranchLogic":{"0":{"0":{"LogicType":"Question","QuestionID":"QID3","QuestionIsInLoop":"no","ChoiceLocator":"q:\/\/QID3\/SelectableChoice\/7","Operator":"Selected","QuestionIDFromLocator":"QID3","LeftOperand":"q:\/\/QID3\/SelectableChoice\/7","Type":"Expression","Description":"<span class=\"ConjDesc\">If<\/span> <span class=\"QuestionDesc\">ProductName<\/span> <span class=\"LeftOpDesc\">Pharrell Hu NMD<\/span> <span class=\"OpDesc\">Is Selected<\/span> "},"Type":"If"},"Type":"BooleanExpression"},"Flow":[{"Type":"EmbeddedData","FlowID":"FL_18","EmbeddedData":[{"Description":"ProductID","Type":"Custom","Field":"ProductID","VariableType":"String","DataVisibility":[],"AnalyzeText":false,"Value":"P007"},{"Description":"Price per unit","Type":"Custom","Field":"Price per unit","VariableType":"String","DataVisibility":[],"AnalyzeText":false,"Value":"145"}]}]},{"Type":"Branch","FlowID":"FL_19","Description":"New Branch","BranchLogic":{"0":{"0":{"LogicType":"Question","QuestionID":"QID3","QuestionIsInLoop":"no","ChoiceLocator":"q:\/\/QID3\/SelectableChoice\/8","Operator":"Selected","QuestionIDFromLocator":"QID3","LeftOperand":"q:\/\/QID3\/SelectableChoice\/8","Type":"Expression","Description":"<span class=\"ConjDesc\">If<\/span> <span class=\"QuestionDesc\">ProductName<\/span> <span class=\"LeftOpDesc\">Futurecraft 4D<\/span> <span class=\"OpDesc\">Is Selected<\/span> "},"Type":"If"},"Type":"BooleanExpression"},"Flow":[{"Type":"EmbeddedData","FlowID":"FL_20","EmbeddedData":[{"Description":"ProductID","Type":"Custom","Field":"ProductID","VariableType":"String","DataVisibility":[],"AnalyzeText":false,"Value":"P008"},{"Description":"Price per unit","Type":"Custom","Field":"Price per unit","VariableType":"String","DataVisibility":[],"AnalyzeText":false,"Value":"80"}]}]},{"Type":"Branch","FlowID":"FL_21","Description":"New Branch","BranchLogic":{"0":{"0":{"LogicType":"Question","QuestionID":"QID3","QuestionIsInLoop":"no","ChoiceLocator":"q:\/\/QID3\/SelectableChoice\/9","Operator":"Selected","QuestionIDFromLocator":"QID3","LeftOperand":"q:\/\/QID3\/SelectableChoice\/9","Type":"Expression","Description":"<span class=\"ConjDesc\">If<\/span> <span class=\"QuestionDesc\">ProductName<\/span> <span class=\"LeftOpDesc\">Yeezy Boost 350 V2<\/span> <span class=\"OpDesc\">Is Selected<\/span> "},"Type":"If"},"Type":"BooleanExpression"},"Flow":[{"Type":"EmbeddedData","FlowID":"FL_22","EmbeddedData":[{"Description":"ProductID","Type":"Custom","Field":"ProductID","VariableType":"String","DataVisibility":[],"AnalyzeText":false,"Value":"P009"},{"Description":"Price per unit","Type":"Custom","Field":"Price per unit","VariableType":"String","DataVisibility":[],"AnalyzeText":false,"Value":"90"}]}]},{"Type":"Branch","FlowID":"FL_23","Description":"New Branch","BranchLogic":{"0":{"0":{"LogicType":"Question","QuestionID":"QID3","QuestionIsInLoop":"no","ChoiceLocator":"q:\/\/QID3\/SelectableChoice\/10","Operator":"Selected","QuestionIDFromLocator":"QID3","LeftOperand":"q:\/\/QID3\/SelectableChoice\/10","Type":"Expression","Description":"<span class=\"ConjDesc\">If<\/span> <span class=\"QuestionDesc\">ProductName<\/span> <span class=\"LeftOpDesc\">Superstar<\/span> <span class=\"OpDesc\">Is Selected<\/span> "},"Type":"If"},"Type":"BooleanExpression"},"Flow":[{"Type":"EmbeddedData","FlowID":"FL_24","EmbeddedData":[{"Description":"ProductID","Type":"Custom","Field":"ProductID","VariableType":"String","DataVisibility":[],"AnalyzeText":false,"Value":"P010"},{"Description":"Price per unit","Type":"Custom","Field":"Price per unit","VariableType":"String","DataVisibility":[],"AnalyzeText":false,"Value":"105"}]}]},{"Type":"Branch","FlowID":"FL_25","Description":"New Branch","BranchLogic":{"0":{"0":{"LogicType":"Question","QuestionID":"QID3","QuestionIsInLoop":"no","ChoiceLocator":"q:\/\/QID3\/SelectableChoice\/11","Operator":"Selected","QuestionIDFromLocator":"QID3","LeftOperand":"q:\/\/QID3\/SelectableChoice\/11","Type":"Expression","Description":"<span class=\"ConjDesc\">If<\/span> <span class=\"QuestionDesc\">ProductName<\/span> <span class=\"LeftOpDesc\">Yeezy Boost 700<\/span> <span class=\"OpDesc\">Is Selected<\/span> "},"Type":"If"},"Type":"BooleanExpression"},"Flow":[{"Type":"EmbeddedData","FlowID":"FL_26","EmbeddedData":[{"Description":"ProductID","Type":"Custom","Field":"ProductID","VariableType":"String","DataVisibility":[],"AnalyzeText":false,"Value":"P011"},{"Description":"Price per unit","Type":"Custom","Field":"Price per unit","VariableType":"String","DataVisibility":[],"AnalyzeText":false,"Value":"125"}]}]},{"Type":"Branch","FlowID":"FL_27","Description":"New Branch","BranchLogic":{"0":{"0":{"LogicType":"Question","QuestionID":"QID3","QuestionIsInLoop":"no","ChoiceLocator":"q:\/\/QID3\/SelectableChoice\/12","Operator":"Selected","QuestionIDFromLocator":"QID3","LeftOperand":"q:\/\/QID3\/SelectableChoice\/12","Type":"Expression","Description":"<span class=\"ConjDesc\">If<\/span> <span class=\"QuestionDesc\">ProductName<\/span> <span class=\"LeftOpDesc\">ZX 2K Boost<\/span> <span class=\"OpDesc\">Is Selected<\/span> "},"Type":"If"},"Type":"BooleanExpression"},"Flow":[{"Type":"EmbeddedData","FlowID":"FL_28","EmbeddedData":[{"Description":"ProductID","Type":"Custom","Field":"ProductID","VariableType":"String","DataVisibility":[],"AnalyzeText":false,"Value":"P012"},{"Description":"Price per unit","Type":"Custom","Field":"Price per unit","VariableType":"String","DataVisibility":[],"AnalyzeText":false,"Value":"85"}]}]},{"Type":"Branch","FlowID":"FL_29","Description":"New Branch","BranchLogic":{"0":{"0":{"LogicType":"Question","QuestionID":"QID3","QuestionIsInLoop":"no","ChoiceLocator":"q:\/\/QID3\/SelectableChoice\/13","Operator":"Selected","QuestionIDFromLocator":"QID3","LeftOperand":"q:\/\/QID3\/SelectableChoice\/13","Type":"Expression","Description":"<span class=\"ConjDesc\">If<\/span> <span class=\"QuestionDesc\">ProductName<\/span> <span class=\"LeftOpDesc\">LXCON<\/span> <span class=\"OpDesc\">Is Selected<\/span> "},"Type":"If"},"Type":"BooleanExpression"},"Flow":[{"Type":"EmbeddedData","FlowID":"FL_30","EmbeddedData":[{"Description":"ProductID","Type":"Custom","Field":"ProductID","VariableType":"String","DataVisibility":[],"AnalyzeText":false,"Value":"P013"},{"Description":"Price per unit","Type":"Custom","Field":"Price per unit","VariableType":"String","DataVisibility":[],"AnalyzeText":false,"Value":"145"}]}]},{"Type":"Branch","FlowID":"FL_31","Description":"New Branch","BranchLogic":{"0":{"0":{"LogicType":"Question","QuestionID":"QID3","QuestionIsInLoop":"no","ChoiceLocator":"q:\/\/QID3\/SelectableChoice\/14","Operator":"Selected","QuestionIDFromLocator":"QID3","LeftOperand":"q:\/\/QID3\/SelectableChoice\/14","Type":"Expression","Description":"<span class=\"ConjDesc\">If<\/span> <span class=\"QuestionDesc\">ProductName<\/span> <span class=\"LeftOpDesc\">SOBAKOV P94<\/span> <span class=\"OpDesc\">Is Selected<\/span> "},"Type":"If"},"Type":"BooleanExpression"},"Flow":[{"Type":"EmbeddedData","FlowID":"FL_32","EmbeddedData":[{"Description":"ProductID","Type":"Custom","Field":"ProductID","VariableType":"String","DataVisibility":[],"AnalyzeText":false,"Value":"P014"},{"Description":"Price per unit","Type":"Custom","Field":"Price per unit","VariableType":"String","DataVisibility":[],"AnalyzeText":false,"Value":"150"}]}]},{"Type":"Branch","FlowID":"FL_33","Description":"New Branch","BranchLogic":{"0":{"0":{"LogicType":"Question","QuestionID":"QID3","QuestionIsInLoop":"no","ChoiceLocator":"q:\/\/QID3\/SelectableChoice\/15","Operator":"Selected","QuestionIDFromLocator":"QID3","LeftOperand":"q:\/\/QID3\/SelectableChoice\/15","Type":"Expression","Description":"<span class=\"ConjDesc\">If<\/span> <span class=\"QuestionDesc\">ProductName<\/span> <span class=\"LeftOpDesc\">Gazelle<\/span> <span class=\"OpDesc\">Is Selected<\/span> "},"Type":"If"},"Type":"BooleanExpression"},"Flow":[{"Type":"EmbeddedData","FlowID":"FL_34","EmbeddedData":[{"Description":"ProductID","Type":"Custom","Field":"ProductID","VariableType":"String","DataVisibility":[],"AnalyzeText":false,"Value":"P015"},{"Description":"Price per unit","Type":"Custom","Field":"Price per unit","VariableType":"String","DataVisibility":[],"AnalyzeText":false,"Value":"120"}]}]},{"Type":"Branch","FlowID":"FL_35","Description":"New Branch","BranchLogic":{"0":{"0":{"LogicType":"Question","QuestionID":"QID3","QuestionIsInLoop":"no","ChoiceLocator":"q:\/\/QID3\/SelectableChoice\/16","Operator":"Selected","QuestionIDFromLocator":"QID3","LeftOperand":"q:\/\/QID3\/SelectableChoice\/16","Type":"Expression","Description":"<span class=\"ConjDesc\">If<\/span> <span class=\"QuestionDesc\">ProductName<\/span> <span class=\"LeftOpDesc\">Nite Joggers<\/span> <span class=\"OpDesc\">Is Selected<\/span> "},"Type":"If"},"Type":"BooleanExpression"},"Flow":[{"Type":"EmbeddedData","FlowID":"FL_36","EmbeddedData":[{"Description":"ProductID","Type":"Custom","Field":"ProductID","VariableType":"String","DataVisibility":[],"AnalyzeText":false,"Value":"P016"},{"Description":"Price per unit","Type":"Custom","Field":"Price per unit","VariableType":"String","DataVisibility":[],"AnalyzeText":false,"Value":"90"}]}]},{"Type":"Branch","FlowID":"FL_37","Description":"New Branch","BranchLogic":{"0":{"0":{"LogicType":"Question","QuestionID":"QID3","QuestionIsInLoop":"no","ChoiceLocator":"q:\/\/QID3\/SelectableChoice\/17","Operator":"Selected","QuestionIDFromLocator":"QID3","LeftOperand":"q:\/\/QID3\/SelectableChoice\/17","Type":"Expression","Description":"<span class=\"ConjDesc\">If<\/span> <span class=\"QuestionDesc\">ProductName<\/span> <span class=\"LeftOpDesc\">Yung-1<\/span> <span class=\"OpDesc\">Is Selected<\/span> "},"Type":"If"},"Type":"BooleanExpression"},"Flow":[{"Type":"EmbeddedData","FlowID":"FL_38","EmbeddedData":[{"Description":"ProductID","Type":"Custom","Field":"ProductID","VariableType":"String","DataVisibility":[],"AnalyzeText":false,"Value":"P017"},{"Description":"Price per unit","Type":"Custom","Field":"Price per unit","VariableType":"String","DataVisibility":[],"AnalyzeText":false,"Value":"115"}]}]},{"Type":"Branch","FlowID":"FL_39","Description":"New Branch","BranchLogic":{"0":{"0":{"LogicType":"Question","QuestionID":"QID3","QuestionIsInLoop":"no","ChoiceLocator":"q:\/\/QID3\/SelectableChoice\/18","Operator":"Selected","QuestionIDFromLocator":"QID3","LeftOperand":"q:\/\/QID3\/SelectableChoice\/18","Type":"Expression","Description":"<span class=\"ConjDesc\">If<\/span> <span class=\"QuestionDesc\">ProductName<\/span> <span class=\"LeftOpDesc\">ZX 6000 Juventus<\/span> <span class=\"OpDesc\">Is Selected<\/span> "},"Type":"If"},"Type":"BooleanExpression"},"Flow":[{"Type":"EmbeddedData","FlowID":"FL_40","EmbeddedData":[{"Description":"ProductID","Type":"Custom","Field":"ProductID","VariableType":"String","DataVisibility":[],"AnalyzeText":false,"Value":"P018"},{"Description":"Price per unit","Type":"Custom","Field":"Price per unit","VariableType":"String","DataVisibility":[],"AnalyzeText":false,"Value":"130"}]}]},{"Type":"Branch","FlowID":"FL_41","Description":"New Branch","BranchLogic":{"0":{"0":{"LogicType":"Question","QuestionID":"QID3","QuestionIsInLoop":"no","ChoiceLocator":"q:\/\/QID3\/SelectableChoice\/19","Operator":"Selected","QuestionIDFromLocator":"QID3","LeftOperand":"q:\/\/QID3\/SelectableChoice\/19","Type":"Expression","Description":"<span class=\"ConjDesc\">If<\/span> <span class=\"QuestionDesc\">ProductName<\/span> <span class=\"LeftOpDesc\">Salvapor 032C<\/span> <span class=\"OpDesc\">Is Selected<\/span> "},"Type":"If"},"Type":"BooleanExpression"},"Flow":[{"Type":"EmbeddedData","FlowID":"FL_42","EmbeddedData":[{"Description":"ProductID","Type":"Custom","Field":"ProductID","VariableType":"String","DataVisibility":[],"AnalyzeText":false,"Value":"P019"},{"Description":"Price per unit","Type":"Custom","Field":"Price per unit","VariableType":"String","DataVisibility":[],"AnalyzeText":false,"Value":"80"}]}]},{"Type":"Branch","FlowID":"FL_43","Description":"New Branch","BranchLogic":{"0":{"0":{"LogicType":"Question","QuestionID":"QID3","QuestionIsInLoop":"no","ChoiceLocator":"q:\/\/QID3\/SelectableChoice\/20","Operator":"Selected","QuestionIDFromLocator":"QID3","LeftOperand":"q:\/\/QID3\/SelectableChoice\/20","Type":"Expression","Description":"<span class=\"ConjDesc\">If<\/span> <span class=\"QuestionDesc\">ProductName<\/span> <span class=\"LeftOpDesc\">3MC<\/span> <span class=\"OpDesc\">Is Selected<\/span> "},"Type":"If"},"Type":"BooleanExpression"},"Flow":[{"Type":"EmbeddedData","FlowID":"FL_44","EmbeddedData":[{"Description":"ProductID","Type":"Custom","Field":"ProductID","VariableType":"String","DataVisibility":[],"AnalyzeText":false,"Value":"P020"},{"Description":"Price per unit","Type":"Custom","Field":"Price per unit","VariableType":"String","DataVisibility":[],"AnalyzeText":false,"Value":"140"}]}]},{"Type":"Branch","FlowID":"FL_45","Description":"New Branch","BranchLogic":{"0":{"0":{"LogicType":"Question","QuestionID":"QID3","QuestionIsInLoop":"no","ChoiceLocator":"q:\/\/QID3\/SelectableChoice\/21","Operator":"Selected","QuestionIDFromLocator":"QID3","LeftOperand":"q:\/\/QID3\/SelectableChoice\/21","Type":"Expression","Description":"<span class=\"ConjDesc\">If<\/span> <span class=\"QuestionDesc\">ProductName<\/span> <span class=\"LeftOpDesc\">Supercourt<\/span> <span class=\"OpDesc\">Is Selected<\/span> "},"Type":"If"},"Type":"BooleanExpression"},"Flow":[{"Type":"EmbeddedData","FlowID":"FL_46","EmbeddedData":[{"Description":"ProductID","Type":"Custom","Field":"ProductID","VariableType":"String","DataVisibility":[],"AnalyzeText":false,"Value":"P021"},{"Description":"Price per unit","Type":"Custom","Field":"Price per unit","VariableType":"String","DataVisibility":[],"AnalyzeText":false,"Value":"125"}]}]},{"Type":"Branch","FlowID":"FL_47","Description":"New Branch","BranchLogic":{"0":{"0":{"LogicType":"Question","QuestionID":"QID3","QuestionIsInLoop":"no","ChoiceLocator":"q:\/\/QID3\/SelectableChoice\/22","Operator":"Selected","QuestionIDFromLocator":"QID3","LeftOperand":"q:\/\/QID3\/SelectableChoice\/22","Type":"Expression","Description":"<span class=\"ConjDesc\">If<\/span> <span class=\"QuestionDesc\">ProductName<\/span> <span class=\"LeftOpDesc\">Contiental 80 Vegan<\/span> <span class=\"OpDesc\">Is Selected<\/span> "},"Type":"If"},"Type":"BooleanExpression"},"Flow":[{"Type":"EmbeddedData","FlowID":"FL_48","EmbeddedData":[{"Description":"ProductID","Type":"Custom","Field":"ProductID","VariableType":"String","DataVisibility":[],"AnalyzeText":false,"Value":"P022"},{"Description":"Price per unit","Type":"Custom","Field":"Price per unit","VariableType":"String","DataVisibility":[],"AnalyzeText":false,"Value":"100"}]}]},{"Type":"Branch","FlowID":"FL_49","Description":"New Branch","BranchLogic":{"0":{"0":{"LogicType":"Question","QuestionID":"QID3","QuestionIsInLoop":"no","ChoiceLocator":"q:\/\/QID3\/SelectableChoice\/23","Operator":"Selected","QuestionIDFromLocator":"QID3","LeftOperand":"q:\/\/QID3\/SelectableChoice\/23","Type":"Expression","Description":"<span class=\"ConjDesc\">If<\/span> <span class=\"QuestionDesc\">ProductName<\/span> <span class=\"LeftOpDesc\">SOKO<\/span> <span class=\"OpDesc\">Is Selected<\/span> "},"Type":"If"},"Type":"BooleanExpression"},"Flow":[{"Type":"EmbeddedData","FlowID":"FL_50","EmbeddedData":[{"Description":"ProductID","Type":"Custom","Field":"ProductID","VariableType":"String","DataVisibility":[],"AnalyzeText":false,"Value":"P023"},{"Description":"Price per unit","Type":"Custom","Field":"Price per unit","VariableType":"String","DataVisibility":[],"AnalyzeText":false,"Value":"160"}]}]},{"Type":"Branch","FlowID":"FL_51","Description":"New Branch","BranchLogic":{"0":{"0":{"LogicType":"Question","QuestionID":"QID3","QuestionIsInLoop":"no","ChoiceLocator":"q:\/\/QID3\/SelectableChoice\/24","Operator":"Selected","QuestionIDFromLocator":"QID3","LeftOperand":"q:\/\/QID3\/SelectableChoice\/24","Type":"Expression","Description":"<span class=\"ConjDesc\">If<\/span> <span class=\"QuestionDesc\">ProductName<\/span> <span class=\"LeftOpDesc\">Retroset<\/span> <span class=\"OpDesc\">Is Selected<\/span> "},"Type":"If"},"Type":"BooleanExpression"},"Flow":[{"Type":"EmbeddedData","FlowID":"FL_52","EmbeddedData":[{"Description":"ProductID","Type":"Custom","Field":"ProductID","VariableType":"String","DataVisibility":[],"AnalyzeText":false,"Value":"P024"},{"Description":"Price per unit","Type":"Custom","Field":"Price per unit","VariableType":"String","DataVisibility":[],"AnalyzeText":false,"Value":"150"}]}]},{"Type":"Branch","FlowID":"FL_53","Description":"New Branch","BranchLogic":{"0":{"0":{"LogicType":"Question","QuestionID":"QID3","QuestionIsInLoop":"no","ChoiceLocator":"q:\/\/QID3\/SelectableChoice\/25","Operator":"Selected","QuestionIDFromLocator":"QID3","LeftOperand":"q:\/\/QID3\/SelectableChoice\/25","Type":"Expression","Description":"<span class=\"ConjDesc\">If<\/span> <span class=\"QuestionDesc\">ProductName<\/span> <span class=\"LeftOpDesc\">OZWEEGO<\/span> <span class=\"OpDesc\">Is Selected<\/span> "},"Type":"If"},"Type":"BooleanExpression"},"Flow":[{"Type":"EmbeddedData","FlowID":"FL_54","EmbeddedData":[{"Description":"ProductID","Type":"Custom","Field":"ProductID","VariableType":"String","DataVisibility":[],"AnalyzeText":false,"Value":"P025"},{"Description":"Price per unit","Type":"Custom","Field":"Price per unit","VariableType":"String","DataVisibility":[],"AnalyzeText":false,"Value":"85"}]}]},{"Type":"Branch","FlowID":"FL_55","Description":"New Branch","BranchLogic":{"0":{"0":{"LogicType":"Question","QuestionID":"QID3","QuestionIsInLoop":"no","ChoiceLocator":"q:\/\/QID3\/SelectableChoice\/26","Operator":"Selected","QuestionIDFromLocator":"QID3","LeftOperand":"q:\/\/QID3\/SelectableChoice\/26","Type":"Expression","Description":"<span class=\"ConjDesc\">If<\/span> <span class=\"QuestionDesc\">ProductName<\/span> <span class=\"LeftOpDesc\">Seeley XT<\/span> <span class=\"OpDesc\">Is Selected<\/span> "},"Type":"If"},"Type":"BooleanExpression"},"Flow":[{"Type":"EmbeddedData","FlowID":"FL_56","EmbeddedData":[{"Description":"ProductID","Type":"Custom","Field":"ProductID","VariableType":"String","DataVisibility":[],"AnalyzeText":false,"Value":"P026"},{"Description":"Price per unit","Type":"Custom","Field":"Price per unit","VariableType":"String","DataVisibility":[],"AnalyzeText":false,"Value":"110"}]}]},{"Type":"Branch","FlowID":"FL_57","Description":"New Branch","BranchLogic":{"0":{"0":{"LogicType":"Question","QuestionID":"QID3","QuestionIsInLoop":"no","ChoiceLocator":"q:\/\/QID3\/SelectableChoice\/27","Operator":"Selected","QuestionIDFromLocator":"QID3","LeftOperand":"q:\/\/QID3\/SelectableChoice\/27","Type":"Expression","Description":"<span class=\"ConjDesc\">If<\/span> <span class=\"QuestionDesc\">ProductName<\/span> <span class=\"LeftOpDesc\">Ninja<\/span> <span class=\"OpDesc\">Is Selected<\/span> "},"Type":"If"},"Type":"BooleanExpression"},"Flow":[{"Type":"EmbeddedData","FlowID":"FL_58","EmbeddedData":[{"Description":"ProductID","Type":"Custom","Field":"ProductID","VariableType":"String","DataVisibility":[],"AnalyzeText":false,"Value":"P027"},{"Description":"Price per unit","Type":"Custom","Field":"Price per unit","VariableType":"String","DataVisibility":[],"AnalyzeText":false,"Value":"140"}]}]},{"Type":"Branch","FlowID":"FL_59","Description":"New Branch","BranchLogic":{"0":{"0":{"LogicType":"Question","QuestionID":"QID3","QuestionIsInLoop":"no","ChoiceLocator":"q:\/\/QID3\/SelectableChoice\/28","Operator":"Selected","QuestionIDFromLocator":"QID3","LeftOperand":"q:\/\/QID3\/SelectableChoice\/28","Type":"Expression","Description":"<span class=\"ConjDesc\">If<\/span> <span class=\"QuestionDesc\">ProductName<\/span> <span class=\"LeftOpDesc\">Skateboarding Varial<\/span> <span class=\"OpDesc\">Is Selected<\/span> "},"Type":"If"},"Type":"BooleanExpression"},"Flow":[{"Type":"EmbeddedData","FlowID":"FL_60","EmbeddedData":[{"Description":"ProductID","Type":"Custom","Field":"ProductID","VariableType":"String","DataVisibility":[],"AnalyzeText":false,"Value":"P028"},{"Description":"Price per unit","Type":"Custom","Field":"Price per unit","VariableType":"String","DataVisibility":[],"AnalyzeText":false,"Value":"105"}]}]},{"Type":"Branch","FlowID":"FL_61","Description":"New Branch","BranchLogic":{"0":{"0":{"LogicType":"Question","QuestionID":"QID3","QuestionIsInLoop":"no","ChoiceLocator":"q:\/\/QID3\/SelectableChoice\/29","Operator":"Selected","QuestionIDFromLocator":"QID3","LeftOperand":"q:\/\/QID3\/SelectableChoice\/29","Type":"Expression","Description":"<span class=\"ConjDesc\">If<\/span> <span class=\"QuestionDesc\">ProductName<\/span> <span class=\"LeftOpDesc\">Americana Low<\/span> <span class=\"OpDesc\">Is Selected<\/span> "},"Type":"If"},"Type":"BooleanExpression"},"Flow":[{"Type":"EmbeddedData","FlowID":"FL_62","EmbeddedData":[{"Description":"ProductID","Type":"Custom","Field":"ProductID","VariableType":"String","DataVisibility":[],"AnalyzeText":false,"Value":"P029"},{"Description":"Price per unit","Type":"Custom","Field":"Price per unit","VariableType":"String","DataVisibility":[],"AnalyzeText":false,"Value":"130"}]}]},{"Type":"Branch","FlowID":"FL_63","Description":"New Branch","BranchLogic":{"0":{"0":{"LogicType":"Question","QuestionID":"QID3","QuestionIsInLoop":"no","ChoiceLocator":"q:\/\/QID3\/SelectableChoice\/30","Operator":"Selected","QuestionIDFromLocator":"QID3","LeftOperand":"q:\/\/QID3\/SelectableChoice\/30","Type":"Expression","Description":"<span class=\"ConjDesc\">If<\/span> <span class=\"QuestionDesc\">ProductName<\/span> <span class=\"LeftOpDesc\">Swift Run RF<\/span> <span class=\"OpDesc\">Is Selected<\/span> "},"Type":"If"},"Type":"BooleanExpression"},"Flow":[{"Type":"EmbeddedData","FlowID":"FL_64","EmbeddedData":[{"Description":"ProductID","Type":"Custom","Field":"ProductID","VariableType":"String","DataVisibility":[],"AnalyzeText":false,"Value":"P030"},{"Description":"Price per unit","Type":"Custom","Field":"Price per unit","VariableType":"String","DataVisibility":[],"AnalyzeText":false,"Value":"120"}]}]}]},{"Type":"Standard","ID":"BL_9ZZDbwJHfPgYL53","FlowID":"FL_66","Autofill":[]},{"Type":"Standard","ID":"BL_1IaWdT5zJg9lN6l","FlowID":"FL_67","Autofill":[]},{"Type":"Group","FlowID":"FL_70","Description":"City","Flow":[{"Type":"Branch","FlowID":"FL_71","Description":"New Branch","BranchLogic":{"0":{"0":{"LogicType":"Question","QuestionID":"QID2","QuestionIsInLoop":"no","ChoiceLocator":"q:\/\/QID2\/SelectableChoice\/1","Operator":"Selected","QuestionIDFromLocator":"QID2","LeftOperand":"q:\/\/QID2\/SelectableChoice\/1","Type":"Expression","Description":"<span class=\"ConjDesc\">If<\/span> <span class=\"QuestionDesc\">StoreID<\/span> <span class=\"LeftOpDesc\">S101<\/span> <span class=\"OpDesc\">Is Selected<\/span> "},"Type":"If"},"Type":"BooleanExpression"},"Flow":[{"Type":"EmbeddedData","FlowID":"FL_69","EmbeddedData":[{"Description":"City","Type":"Custom","Field":"City","VariableType":"String","DataVisibility":[],"AnalyzeText":false,"Value":"Dublin"}]}]},{"Type":"Branch","FlowID":"FL_72","Description":"New Branch","BranchLogic":{"0":{"0":{"LogicType":"Question","QuestionID":"QID2","QuestionIsInLoop":"no","ChoiceLocator":"q:\/\/QID2\/SelectableChoice\/2","Operator":"Selected","QuestionIDFromLocator":"QID2","LeftOperand":"q:\/\/QID2\/SelectableChoice\/2","Type":"Expression","Description":"<span class=\"ConjDesc\">If<\/span> <span class=\"QuestionDesc\">StoreID<\/span> <span class=\"LeftOpDesc\">S102<\/span> <span class=\"OpDesc\">Is Selected<\/span> "},"Type":"If"},"Type":"BooleanExpression"},"Flow":[{"Type":"EmbeddedData","FlowID":"FL_73","EmbeddedData":[{"Description":"City","Type":"Custom","Field":"City","VariableType":"String","DataVisibility":[],"AnalyzeText":false,"Value":"Belfast"}]}]},{"Type":"Branch","FlowID":"FL_74","Description":"New Branch","BranchLogic":{"0":{"0":{"LogicType":"Question","QuestionID":"QID2","QuestionIsInLoop":"no","ChoiceLocator":"q:\/\/QID2\/SelectableChoice\/3","Operator":"Selected","QuestionIDFromLocator":"QID2","LeftOperand":"q:\/\/QID2\/SelectableChoice\/3","Type":"Expression","Description":"<span class=\"ConjDesc\">If<\/span> <span class=\"QuestionDesc\">StoreID<\/span> <span class=\"LeftOpDesc\">S103<\/span> <span class=\"OpDesc\">Is Selected<\/span> "},"Type":"If"},"Type":"BooleanExpression"},"Flow":[{"Type":"EmbeddedData","FlowID":"FL_75","EmbeddedData":[{"Description":"City","Type":"Custom","Field":"City","VariableType":"String","DataVisibility":[],"AnalyzeText":false,"Value":"Cork"}]}]},{"Type":"Branch","FlowID":"FL_76","Description":"New Branch","BranchLogic":{"0":{"0":{"LogicType":"Question","QuestionID":"QID2","QuestionIsInLoop":"no","ChoiceLocator":"q:\/\/QID2\/SelectableChoice\/4","Operator":"Selected","QuestionIDFromLocator":"QID2","LeftOperand":"q:\/\/QID2\/SelectableChoice\/4","Type":"Expression","Description":"<span class=\"ConjDesc\">If<\/span> <span class=\"QuestionDesc\">StoreID<\/span> <span class=\"LeftOpDesc\">S104<\/span> <span class=\"OpDesc\">Is Selected<\/span> "},"Type":"If"},"Type":"BooleanExpression"},"Flow":[{"Type":"EmbeddedData","FlowID":"FL_77","EmbeddedData":[{"Description":"City","Type":"Custom","Field":"City","VariableType":"String","DataVisibility":[],"AnalyzeText":false,"Value":"Derry"}]}]},{"Type":"Branch","FlowID":"FL_78","Description":"New Branch","BranchLogic":{"0":{"0":{"LogicType":"Question","QuestionID":"QID2","QuestionIsInLoop":"no","ChoiceLocator":"q:\/\/QID2\/SelectableChoice\/5","Operator":"Selected","QuestionIDFromLocator":"QID2","LeftOperand":"q:\/\/QID2\/SelectableChoice\/5","Type":"Expression","Description":"<span class=\"ConjDesc\">If<\/span> <span class=\"QuestionDesc\">StoreID<\/span> <span class=\"LeftOpDesc\">S105<\/span> <span class=\"OpDesc\">Is Selected<\/span> "},"Type":"If"},"Type":"BooleanExpression"},"Flow":[{"Type":"EmbeddedData","FlowID":"FL_79","EmbeddedData":[{"Description":"City","Type":"Custom","Field":"City","VariableType":"String","DataVisibility":[],"AnalyzeText":false,"Value":"Limerick"}]}]},{"Type":"Branch","FlowID":"FL_80","Description":"New Branch","BranchLogic":{"0":{"0":{"LogicType":"Question","QuestionID":"QID2","QuestionIsInLoop":"no","ChoiceLocator":"q:\/\/QID2\/SelectableChoice\/6","Operator":"Selected","QuestionIDFromLocator":"QID2","LeftOperand":"q:\/\/QID2\/SelectableChoice\/6","Type":"Expression","Description":"<span class=\"ConjDesc\">If<\/span> <span class=\"QuestionDesc\">StoreID<\/span> <span class=\"LeftOpDesc\">S106<\/span> <span class=\"OpDesc\">Is Selected<\/span> "},"Type":"If"},"Type":"BooleanExpression"},"Flow":[{"Type":"EmbeddedData","FlowID":"FL_81","EmbeddedData":[{"Description":"City","Type":"Custom","Field":"City","VariableType":"String","DataVisibility":[],"AnalyzeText":false,"Value":"Galway"}]}]},{"Type":"Branch","FlowID":"FL_82","Description":"New Branch","BranchLogic":{"0":{"0":{"LogicType":"Question","QuestionID":"QID2","QuestionIsInLoop":"no","ChoiceLocator":"q:\/\/QID2\/SelectableChoice\/7","Operator":"Selected","QuestionIDFromLocator":"QID2","LeftOperand":"q:\/\/QID2\/SelectableChoice\/7","Type":"Expression","Description":"<span class=\"ConjDesc\">If<\/span> <span class=\"QuestionDesc\">StoreID<\/span> <span class=\"LeftOpDesc\">S107<\/span> <span class=\"OpDesc\">Is Selected<\/span> "},"Type":"If"},"Type":"BooleanExpression"},"Flow":[{"Type":"EmbeddedData","FlowID":"FL_83","EmbeddedData":[{"Description":"City","Type":"Custom","Field":"City","VariableType":"String","DataVisibility":[],"AnalyzeText":false,"Value":"Craigavon"}]}]},{"Type":"Branch","FlowID":"FL_84","Description":"New Branch","BranchLogic":{"0":{"0":{"LogicType":"Question","QuestionID":"QID2","QuestionIsInLoop":"no","ChoiceLocator":"q:\/\/QID2\/SelectableChoice\/8","Operator":"Selected","QuestionIDFromLocator":"QID2","LeftOperand":"q:\/\/QID2\/SelectableChoice\/8","Type":"Expression","Description":"<span class=\"ConjDesc\">If<\/span> <span class=\"QuestionDesc\">StoreID<\/span> <span class=\"LeftOpDesc\">S108<\/span> <span class=\"OpDesc\">Is Selected<\/span> "},"Type":"If"},"Type":"BooleanExpression"},"Flow":[{"Type":"EmbeddedData","FlowID":"FL_85","EmbeddedData":[{"Description":"City","Type":"Custom","Field":"City","VariableType":"String","DataVisibility":[],"AnalyzeText":false,"Value":"Drogheda"}]}]},{"Type":"Branch","FlowID":"FL_86","Description":"New Branch","BranchLogic":{"0":{"0":{"LogicType":"Question","QuestionID":"QID2","QuestionIsInLoop":"no","ChoiceLocator":"q:\/\/QID2\/SelectableChoice\/9","Operator":"Selected","QuestionIDFromLocator":"QID2","LeftOperand":"q:\/\/QID2\/SelectableChoice\/9","Type":"Expression","Description":"<span class=\"ConjDesc\">If<\/span> <span class=\"QuestionDesc\">StoreID<\/span> <span class=\"LeftOpDesc\">S109<\/span> <span class=\"OpDesc\">Is Selected<\/span> "},"Type":"If"},"Type":"BooleanExpression"},"Flow":[{"Type":"EmbeddedData","FlowID":"FL_87","EmbeddedData":[{"Description":"City","Type":"Custom","Field":"City","VariableType":"String","DataVisibility":[],"AnalyzeText":false,"Value":"Waterford"}]}]},{"Type":"Branch","FlowID":"FL_88","Description":"New Branch","BranchLogic":{"0":{"0":{"LogicType":"Question","QuestionID":"QID2","QuestionIsInLoop":"no","ChoiceLocator":"q:\/\/QID2\/SelectableChoice\/10","Operator":"Selected","QuestionIDFromLocator":"QID2","LeftOperand":"q:\/\/QID2\/SelectableChoice\/10","Type":"Expression","Description":"<span class=\"ConjDesc\">If<\/span> <span class=\"QuestionDesc\">StoreID<\/span> <span class=\"LeftOpDesc\">S110<\/span> <span class=\"OpDesc\">Is Selected<\/span> "},"Type":"If"},"Type":"BooleanExpression"},"Flow":[{"Type":"EmbeddedData","FlowID":"FL_89","EmbeddedData":[{"Description":"City","Type":"Custom","Field":"City","VariableType":"String","DataVisibility":[],"AnalyzeText":false,"Value":"Dundalk"}]}]},{"Type":"Branch","FlowID":"FL_90","Description":"New Branch","BranchLogic":{"0":{"0":{"LogicType":"Question","QuestionID":"QID2","QuestionIsInLoop":"no","ChoiceLocator":"q:\/\/QID2\/SelectableChoice\/11","Operator":"Selected","QuestionIDFromLocator":"QID2","LeftOperand":"q:\/\/QID2\/SelectableChoice\/11","Type":"Expression","Description":"<span class=\"ConjDesc\">If<\/span> <span class=\"QuestionDesc\">StoreID<\/span> <span class=\"LeftOpDesc\">S111<\/span> <span class=\"OpDesc\">Is Selected<\/span> "},"Type":"If"},"Type":"BooleanExpression"},"Flow":[{"Type":"EmbeddedData","FlowID":"FL_91","EmbeddedData":[{"Description":"City","Type":"Custom","Field":"City","VariableType":"String","DataVisibility":[],"AnalyzeText":false,"Value":"Frankfurt"}]}]},{"Type":"Branch","FlowID":"FL_92","Description":"New Branch","BranchLogic":{"0":{"0":{"LogicType":"Question","QuestionID":"QID2","QuestionIsInLoop":"no","ChoiceLocator":"q:\/\/QID2\/SelectableChoice\/12","Operator":"Selected","QuestionIDFromLocator":"QID2","LeftOperand":"q:\/\/QID2\/SelectableChoice\/12","Type":"Expression","Description":"<span class=\"ConjDesc\">If<\/span> <span class=\"QuestionDesc\">StoreID<\/span> <span class=\"LeftOpDesc\">S112<\/span> <span class=\"OpDesc\">Is Selected<\/span> "},"Type":"If"},"Type":"BooleanExpression"},"Flow":[{"Type":"EmbeddedData","FlowID":"FL_93","EmbeddedData":[{"Description":"City","Type":"Custom","Field":"City","VariableType":"String","DataVisibility":[],"AnalyzeText":false,"Value":"Berlin"}]}]},{"Type":"Branch","FlowID":"FL_94","Description":"New Branch","BranchLogic":{"0":{"0":{"LogicType":"Question","QuestionID":"QID2","QuestionIsInLoop":"no","ChoiceLocator":"q:\/\/QID2\/SelectableChoice\/13","Operator":"Selected","QuestionIDFromLocator":"QID2","LeftOperand":"q:\/\/QID2\/SelectableChoice\/13","Type":"Expression","Description":"<span class=\"ConjDesc\">If<\/span> <span class=\"QuestionDesc\">StoreID<\/span> <span class=\"LeftOpDesc\">S113<\/span> <span class=\"OpDesc\">Is Selected<\/span> "},"Type":"If"},"Type":"BooleanExpression"},"Flow":[{"Type":"EmbeddedData","FlowID":"FL_95","EmbeddedData":[{"Description":"City","Type":"Custom","Field":"City","VariableType":"String","DataVisibility":[],"AnalyzeText":false,"Value":"Munich"}]}]},{"Type":"Branch","FlowID":"FL_96","Description":"New Branch","BranchLogic":{"0":{"0":{"LogicType":"Question","QuestionID":"QID2","QuestionIsInLoop":"no","ChoiceLocator":"q:\/\/QID2\/SelectableChoice\/14","Operator":"Selected","QuestionIDFromLocator":"QID2","LeftOperand":"q:\/\/QID2\/SelectableChoice\/14","Type":"Expression","Description":"<span class=\"ConjDesc\">If<\/span> <span class=\"QuestionDesc\">StoreID<\/span> <span class=\"LeftOpDesc\">S114<\/span> <span class=\"OpDesc\">Is Selected<\/span> "},"Type":"If"},"Type":"BooleanExpression"},"Flow":[{"Type":"EmbeddedData","FlowID":"FL_97","EmbeddedData":[{"Description":"City","Type":"Custom","Field":"City","VariableType":"String","DataVisibility":[],"AnalyzeText":false,"Value":"Hamburg"}]}]},{"Type":"Branch","FlowID":"FL_98","Description":"New Branch","BranchLogic":{"0":{"0":{"LogicType":"Question","QuestionID":"QID2","QuestionIsInLoop":"no","ChoiceLocator":"q:\/\/QID2\/SelectableChoice\/15","Operator":"Selected","QuestionIDFromLocator":"QID2","LeftOperand":"q:\/\/QID2\/SelectableChoice\/15","Type":"Expression","Description":"<span class=\"ConjDesc\">If<\/span> <span class=\"QuestionDesc\">StoreID<\/span> <span class=\"LeftOpDesc\">S115<\/span> <span class=\"OpDesc\">Is Selected<\/span> "},"Type":"If"},"Type":"BooleanExpression"},"Flow":[{"Type":"EmbeddedData","FlowID":"FL_99","EmbeddedData":[{"Description":"City","Type":"Custom","Field":"City","VariableType":"String","DataVisibility":[],"AnalyzeText":false,"Value":"Dusseldorf"}]}]},{"Type":"Branch","FlowID":"FL_100","Description":"New Branch","BranchLogic":{"0":{"0":{"LogicType":"Question","QuestionID":"QID2","QuestionIsInLoop":"no","ChoiceLocator":"q:\/\/QID2\/SelectableChoice\/16","Operator":"Selected","QuestionIDFromLocator":"QID2","LeftOperand":"q:\/\/QID2\/SelectableChoice\/16","Type":"Expression","Description":"<span class=\"ConjDesc\">If<\/span> <span class=\"QuestionDesc\">StoreID<\/span> <span class=\"LeftOpDesc\">S116<\/span> <span class=\"OpDesc\">Is Selected<\/span> "},"Type":"If"},"Type":"BooleanExpression"},"Flow":[{"Type":"EmbeddedData","FlowID":"FL_101","EmbeddedData":[{"Description":"City","Type":"Custom","Field":"City","VariableType":"String","DataVisibility":[],"AnalyzeText":false,"Value":"Bonn"}]}]},{"Type":"Branch","FlowID":"FL_102","Description":"New Branch","BranchLogic":{"0":{"0":{"LogicType":"Question","QuestionID":"QID2","QuestionIsInLoop":"no","ChoiceLocator":"q:\/\/QID2\/SelectableChoice\/17","Operator":"Selected","QuestionIDFromLocator":"QID2","LeftOperand":"q:\/\/QID2\/SelectableChoice\/17","Type":"Expression","Description":"<span class=\"ConjDesc\">If<\/span> <span class=\"QuestionDesc\">StoreID<\/span> <span class=\"LeftOpDesc\">S117<\/span> <span class=\"OpDesc\">Is Selected<\/span> "},"Type":"If"},"Type":"BooleanExpression"},"Flow":[{"Type":"EmbeddedData","FlowID":"FL_103","EmbeddedData":[{"Description":"City","Type":"Custom","Field":"City","VariableType":"String","DataVisibility":[],"AnalyzeText":false,"Value":"Cologne"}]}]},{"Type":"Branch","FlowID":"FL_104","Description":"New Branch","BranchLogic":{"0":{"0":{"LogicType":"Question","QuestionID":"QID2","QuestionIsInLoop":"no","ChoiceLocator":"q:\/\/QID2\/SelectableChoice\/18","Operator":"Selected","QuestionIDFromLocator":"QID2","LeftOperand":"q:\/\/QID2\/SelectableChoice\/18","Type":"Expression","Description":"<span class=\"ConjDesc\">If<\/span> <span class=\"QuestionDesc\">StoreID<\/span> <span class=\"LeftOpDesc\">S118<\/span> <span class=\"OpDesc\">Is Selected<\/span> "},"Type":"If"},"Type":"BooleanExpression"},"Flow":[{"Type":"EmbeddedData","FlowID":"FL_105","EmbeddedData":[{"Description":"City","Type":"Custom","Field":"City","VariableType":"String","DataVisibility":[],"AnalyzeText":false,"Value":"Stuttgart"}]}]},{"Type":"Branch","FlowID":"FL_106","Description":"New Branch","BranchLogic":{"0":{"0":{"LogicType":"Question","QuestionID":"QID2","QuestionIsInLoop":"no","ChoiceLocator":"q:\/\/QID2\/SelectableChoice\/19","Operator":"Selected","QuestionIDFromLocator":"QID2","LeftOperand":"q:\/\/QID2\/SelectableChoice\/19","Type":"Expression","Description":"<span class=\"ConjDesc\">If<\/span> <span class=\"QuestionDesc\">StoreID<\/span> <span class=\"LeftOpDesc\">S119<\/span> <span class=\"OpDesc\">Is Selected<\/span> "},"Type":"If"},"Type":"BooleanExpression"},"Flow":[{"Type":"EmbeddedData","FlowID":"FL_107","EmbeddedData":[{"Description":"City","Type":"Custom","Field":"City","VariableType":"String","DataVisibility":[],"AnalyzeText":false,"Value":"Leipzig"}]}]},{"Type":"Branch","FlowID":"FL_108","Description":"New Branch","BranchLogic":{"0":{"0":{"LogicType":"Question","QuestionID":"QID2","QuestionIsInLoop":"no","ChoiceLocator":"q:\/\/QID2\/SelectableChoice\/20","Operator":"Selected","QuestionIDFromLocator":"QID2","LeftOperand":"q:\/\/QID2\/SelectableChoice\/20","Type":"Expression","Description":"<span class=\"ConjDesc\">If<\/span> <span class=\"QuestionDesc\">StoreID<\/span> <span class=\"LeftOpDesc\">S120<\/span> <span class=\"OpDesc\">Is Selected<\/span> "},"Type":"If"},"Type":"BooleanExpression"},"Flow":[{"Type":"EmbeddedData","FlowID":"FL_109","EmbeddedData":[{"Description":"City","Type":"Custom","Field":"City","VariableType":"String","DataVisibility":[],"AnalyzeText":false,"Value":"Darmstadt"}]}]}]},{"Type":"Standard","ID":"BL_9GNEm5d43vUuUf3","FlowID":"FL_110","Autofill":[]}],"Properties":{"Count":110,"RemovedFieldsets":[]}}},{"SurveyID":"SV_ePWavu5K3FLgTJz","Element":"SO","PrimaryAttribute":"Survey Options","SecondaryAttribute":null,"TertiaryAttribute":null,"Payload":{"BackButton":"false","SaveAndContinue":"true","SurveyProtection":"PublicSurvey","BallotBoxStuffingPrevention":"false","NoIndex":"Yes","SecureResponseFiles":"true","SurveyExpiration":"None","SurveyTermination":"DefaultMessage","Header":"","Footer":"","ProgressBarDisplay":"None","PartialData":"+1 week","ValidationMessage":"","PreviousButton":" \u2190 ","NextButton":" \u2192 ","SurveyTitle":"Online Survey Software | Qualtrics Survey Solutions","SkinLibrary":"qfreeaccountssjc1","SkinType":"templated","Skin":{"brandingId":null,"templateId":"*2014","overrides":null},"NewScoring":1,"ProtectSelectionIds":true}},{"SurveyID":"SV_ePWavu5K3FLgTJz","Element":"SCO","PrimaryAttribute":"Scoring","SecondaryAttribute":null,"TertiaryAttribute":null,"Payload":{"ScoringCategories":[],"ScoringCategoryGroups":[],"ScoringSummaryCategory":null,"ScoringSummaryAfterQuestions":0,"ScoringSummaryAfterSurvey":0,"DefaultScoringCategory":null,"AutoScoringCategory":null}},{"SurveyID":"SV_ePWavu5K3FLgTJz","Element":"PROJ","PrimaryAttribute":"CORE","SecondaryAttribute":null,"TertiaryAttribute":"1.1.0","Payload":{"ProjectCategory":"CORE","SchemaVersion":"1.1.0"}},{"SurveyID":"SV_ePWavu5K3FLgTJz","Element":"STAT","PrimaryAttribute":"Survey Statistics","SecondaryAttribute":null,"TertiaryAttribute":null,"Payload":{"MobileCompatible":true,"ID":"Survey Statistics"}},{"SurveyID":"SV_ePWavu5K3FLgTJz","Element":"QC","PrimaryAttribute":"Survey Question Count","SecondaryAttribute":"12","TertiaryAttribute":null,"Payload":null},{"SurveyID":"SV_ePWavu5K3FLgTJz","Element":"SQ","PrimaryAttribute":"QID8","SecondaryAttribute":"Age","TertiaryAttribute":null,"Payload":{"QuestionText":"Age","DefaultChoices":false,"DataExportTag":"Age","QuestionID":"QID8","QuestionType":"TE","Selector":"SL","Configuration":{"QuestionDescriptionOption":"UseText","InputWidth":148,"InputHeight":29},"QuestionDescription":"Age","Validation":{"Settings":{"ForceResponse":"ON","ForceResponseType":"ON","Type":"ContentType","ContentType":"ValidNumber","ValidDateType":"DateWithFormat","ValidPhoneType":"ValidUSPhone","ValidZipType":"ValidUSZip","ValidNumber":{"Min":"18","Max":"70","NumDecimals":"0"}}},"GradingData":[],"Language":[],"NextChoiceId":4,"NextAnswerId":1,"SearchSource":{"AllowFreeResponse":"false"},"DataVisibility":{"Private":false,"Hidden":false}}},{"SurveyID":"SV_ePWavu5K3FLgTJz","Element":"SQ","PrimaryAttribute":"QID6","SecondaryAttribute":"City","TertiaryAttribute":null,"Payload":{"QuestionText":"City","DataExportTag":"City","QuestionType":"MC","Selector":"SAVR","SubSelector":"TX","Configuration":{"QuestionDescriptionOption":"UseText"},"QuestionDescription":"City","Choices":{"1":{"Display":"Click to write Choice 1"},"2":{"Display":"Click to write Choice 2"},"3":{"Display":"Click to write Choice 3"}},"ChoiceOrder":["1","2","3"],"Validation":{"Settings":{"ForceResponse":"OFF","ForceResponseType":"ON","Type":"None"}},"Language":[],"NextChoiceId":4,"NextAnswerId":1,"QuestionID":"QID6"}},{"SurveyID":"SV_ePWavu5K3FLgTJz","Element":"SQ","PrimaryAttribute":"QID10","SecondaryAttribute":"Contact","TertiaryAttribute":null,"Payload":{"QuestionText":"Contact","DefaultChoices":false,"DataExportTag":"Contact","QuestionID":"QID10","QuestionType":"TE","Selector":"SL","Configuration":{"QuestionDescriptionOption":"UseText","InputWidth":196,"InputHeight":29},"QuestionDescription":"Contact","Validation":{"Settings":{"ForceResponse":"OFF","ForceResponseType":"ON","Type":"ContentType","ContentType":"ValidPhone","ValidDateType":"DateWithFormat","ValidPhoneType":"ValidUKPhone","ValidZipType":"ValidUSZip"}},"GradingData":[],"Language":[],"NextChoiceId":4,"NextAnswerId":1,"SearchSource":{"AllowFreeResponse":"false"}}},{"SurveyID":"SV_ePWavu5K3FLgTJz","Element":"SQ","PrimaryAttribute":"QID5","SecondaryAttribute":"Country","TertiaryAttribute":null,"Payload":{"QuestionText":"Country","DataExportTag":"Country","QuestionType":"MC","Selector":"SAVR","SubSelector":"TX","Configuration":{"QuestionDescriptionOption":"UseText"},"QuestionDescription":"Country","Choices":{"1":{"Display":"Germany","DisplayLogic":{"0":{"0":{"ChoiceLocator":"q:\/\/QID2\/SelectableChoice\/11","Description":"<span class=\"ConjDesc\">If<\/span> <span class=\"QuestionDesc\">StoreID<\/span> <span class=\"LeftOpDesc\">S111<\/span> <span class=\"OpDesc\">Is Selected<\/span> ","LeftOperand":"q:\/\/QID2\/SelectableChoice\/11","LogicType":"Question","Operator":"Selected","QuestionID":"QID2","QuestionIDFromLocator":"QID2","QuestionIsInLoop":"no","Type":"Expression"},"1":{"ChoiceLocator":"q:\/\/QID2\/SelectableChoice\/12","Conjuction":"Or","Description":"<span class=\"ConjDesc\">Or<\/span> <span class=\"QuestionDesc\">StoreID<\/span> <span class=\"LeftOpDesc\">S112<\/span> <span class=\"OpDesc\">Is Selected<\/span> ","LeftOperand":"q:\/\/QID2\/SelectableChoice\/12","LogicType":"Question","Operator":"Selected","QuestionID":"QID2","QuestionIDFromLocator":"QID2","QuestionIsInLoop":"no","Type":"Expression"},"2":{"ChoiceLocator":"q:\/\/QID2\/SelectableChoice\/13","Conjuction":"Or","Description":"<span class=\"ConjDesc\">Or<\/span> <span class=\"QuestionDesc\">StoreID<\/span> <span class=\"LeftOpDesc\">S113<\/span> <span class=\"OpDesc\">Is Selected<\/span> ","LeftOperand":"q:\/\/QID2\/SelectableChoice\/13","LogicType":"Question","Operator":"Selected","QuestionID":"QID2","QuestionIDFromLocator":"QID2","QuestionIsInLoop":"no","Type":"Expression"},"3":{"ChoiceLocator":"q:\/\/QID2\/SelectableChoice\/14","Conjuction":"Or","Description":"<span class=\"ConjDesc\">Or<\/span> <span class=\"QuestionDesc\">StoreID<\/span> <span class=\"LeftOpDesc\">S114<\/span> <span class=\"OpDesc\">Is Selected<\/span> ","LeftOperand":"q:\/\/QID2\/SelectableChoice\/14","LogicType":"Question","Operator":"Selected","QuestionID":"QID2","QuestionIDFromLocator":"QID2","QuestionIsInLoop":"no","Type":"Expression"},"4":{"ChoiceLocator":"q:\/\/QID2\/SelectableChoice\/15","Conjuction":"Or","Description":"<span class=\"ConjDesc\">Or<\/span> <span class=\"QuestionDesc\">StoreID<\/span> <span class=\"LeftOpDesc\">S115<\/span> <span class=\"OpDesc\">Is Selected<\/span> ","LeftOperand":"q:\/\/QID2\/SelectableChoice\/15","LogicType":"Question","Operator":"Selected","QuestionID":"QID2","QuestionIDFromLocator":"QID2","QuestionIsInLoop":"no","Type":"Expression"},"5":{"ChoiceLocator":"q:\/\/QID2\/SelectableChoice\/16","Conjuction":"Or","Description":"<span class=\"ConjDesc\">Or<\/span> <span class=\"QuestionDesc\">StoreID<\/span> <span class=\"LeftOpDesc\">S116<\/span> <span class=\"OpDesc\">Is Selected<\/span> ","LeftOperand":"q:\/\/QID2\/SelectableChoice\/16","LogicType":"Question","Operator":"Selected","QuestionID":"QID2","QuestionIDFromLocator":"QID2","QuestionIsInLoop":"no","Type":"Expression"},"6":{"ChoiceLocator":"q:\/\/QID2\/SelectableChoice\/17","Conjuction":"Or","Description":"<span class=\"ConjDesc\">Or<\/span> <span class=\"QuestionDesc\">StoreID<\/span> <span class=\"LeftOpDesc\">S117<\/span> <span class=\"OpDesc\">Is Selected<\/span> ","LeftOperand":"q:\/\/QID2\/SelectableChoice\/17","LogicType":"Question","Operator":"Selected","QuestionID":"QID2","QuestionIDFromLocator":"QID2","QuestionIsInLoop":"no","Type":"Expression"},"7":{"ChoiceLocator":"q:\/\/QID2\/SelectableChoice\/18","Conjuction":"Or","Description":"<span class=\"ConjDesc\">Or<\/span> <span class=\"QuestionDesc\">StoreID<\/span> <span class=\"LeftOpDesc\">S118<\/span> <span class=\"OpDesc\">Is Selected<\/span> ","LeftOperand":"q:\/\/QID2\/SelectableChoice\/18","LogicType":"Question","Operator":"Selected","QuestionID":"QID2","QuestionIDFromLocator":"QID2","QuestionIsInLoop":"no","Type":"Expression"},"8":{"ChoiceLocator":"q:\/\/QID2\/SelectableChoice\/19","Conjuction":"Or","Description":"<span class=\"ConjDesc\">Or<\/span> <span class=\"QuestionDesc\">StoreID<\/span> <span class=\"LeftOpDesc\">S119<\/span> <span class=\"OpDesc\">Is Selected<\/span> ","LeftOperand":"q:\/\/QID2\/SelectableChoice\/19","LogicType":"Question","Operator":"Selected","QuestionID":"QID2","QuestionIDFromLocator":"QID2","QuestionIsInLoop":"no","Type":"Expression"},"9":{"ChoiceLocator":"q:\/\/QID2\/SelectableChoice\/20","Conjuction":"Or","Description":"<span class=\"ConjDesc\">Or<\/span> <span class=\"QuestionDesc\">StoreID<\/span> <span class=\"LeftOpDesc\">S120<\/span> <span class=\"OpDesc\">Is Selected<\/span> ","LeftOperand":"q:\/\/QID2\/SelectableChoice\/20","LogicType":"Question","Operator":"Selected","QuestionID":"QID2","QuestionIDFromLocator":"QID2","QuestionIsInLoop":"no","Type":"Expression"},"Type":"If"},"Type":"BooleanExpression","inPage":false}},"2":{"Display":"Ireland","DisplayLogic":{"0":{"0":{"ChoiceLocator":"q:\/\/QID2\/SelectableChoice\/1","Description":"<span class=\"ConjDesc\">If<\/span> <span class=\"QuestionDesc\">StoreID<\/span> <span class=\"LeftOpDesc\">S101<\/span> <span class=\"OpDesc\">Is Selected<\/span> ","LeftOperand":"q:\/\/QID2\/SelectableChoice\/1","LogicType":"Question","Operator":"Selected","QuestionID":"QID2","QuestionIDFromLocator":"QID2","QuestionIsInLoop":"no","Type":"Expression"},"1":{"ChoiceLocator":"q:\/\/QID2\/SelectableChoice\/2","Conjuction":"Or","Description":"<span class=\"ConjDesc\">Or<\/span> <span class=\"QuestionDesc\">StoreID<\/span> <span class=\"LeftOpDesc\">S102<\/span> <span class=\"OpDesc\">Is Selected<\/span> ","LeftOperand":"q:\/\/QID2\/SelectableChoice\/2","LogicType":"Question","Operator":"Selected","QuestionID":"QID2","QuestionIDFromLocator":"QID2","QuestionIsInLoop":"no","Type":"Expression"},"2":{"ChoiceLocator":"q:\/\/QID2\/SelectableChoice\/3","Conjuction":"Or","Description":"<span class=\"ConjDesc\">Or<\/span> <span class=\"QuestionDesc\">StoreID<\/span> <span class=\"LeftOpDesc\">S103<\/span> <span class=\"OpDesc\">Is Selected<\/span> ","LeftOperand":"q:\/\/QID2\/SelectableChoice\/3","LogicType":"Question","Operator":"Selected","QuestionID":"QID2","QuestionIDFromLocator":"QID2","QuestionIsInLoop":"no","Type":"Expression"},"3":{"ChoiceLocator":"q:\/\/QID2\/SelectableChoice\/4","Conjuction":"Or","Description":"<span class=\"ConjDesc\">Or<\/span> <span class=\"QuestionDesc\">StoreID<\/span> <span class=\"LeftOpDesc\">S104<\/span> <span class=\"OpDesc\">Is Selected<\/span> ","LeftOperand":"q:\/\/QID2\/SelectableChoice\/4","LogicType":"Question","Operator":"Selected","QuestionID":"QID2","QuestionIDFromLocator":"QID2","QuestionIsInLoop":"no","Type":"Expression"},"4":{"ChoiceLocator":"q:\/\/QID2\/SelectableChoice\/5","Conjuction":"Or","Description":"<span class=\"ConjDesc\">Or<\/span> <span class=\"QuestionDesc\">StoreID<\/span> <span class=\"LeftOpDesc\">S105<\/span> <span class=\"OpDesc\">Is Selected<\/span> ","LeftOperand":"q:\/\/QID2\/SelectableChoice\/5","LogicType":"Question","Operator":"Selected","QuestionID":"QID2","QuestionIDFromLocator":"QID2","QuestionIsInLoop":"no","Type":"Expression"},"5":{"ChoiceLocator":"q:\/\/QID2\/SelectableChoice\/6","Conjuction":"Or","Description":"<span class=\"ConjDesc\">Or<\/span> <span class=\"QuestionDesc\">StoreID<\/span> <span class=\"LeftOpDesc\">S106<\/span> <span class=\"OpDesc\">Is Selected<\/span> ","LeftOperand":"q:\/\/QID2\/SelectableChoice\/6","LogicType":"Question","Operator":"Selected","QuestionID":"QID2","QuestionIDFromLocator":"QID2","QuestionIsInLoop":"no","Type":"Expression"},"6":{"ChoiceLocator":"q:\/\/QID2\/SelectableChoice\/7","Conjuction":"Or","Description":"<span class=\"ConjDesc\">Or<\/span> <span class=\"QuestionDesc\">StoreID<\/span> <span class=\"LeftOpDesc\">S107<\/span> <span class=\"OpDesc\">Is Selected<\/span> ","LeftOperand":"q:\/\/QID2\/SelectableChoice\/7","LogicType":"Question","Operator":"Selected","QuestionID":"QID2","QuestionIDFromLocator":"QID2","QuestionIsInLoop":"no","Type":"Expression"},"7":{"ChoiceLocator":"q:\/\/QID2\/SelectableChoice\/8","Conjuction":"Or","Description":"<span class=\"ConjDesc\">Or<\/span> <span class=\"QuestionDesc\">StoreID<\/span> <span class=\"LeftOpDesc\">S108<\/span> <span class=\"OpDesc\">Is Selected<\/span> ","LeftOperand":"q:\/\/QID2\/SelectableChoice\/8","LogicType":"Question","Operator":"Selected","QuestionID":"QID2","QuestionIDFromLocator":"QID2","QuestionIsInLoop":"no","Type":"Expression"},"8":{"ChoiceLocator":"q:\/\/QID2\/SelectableChoice\/9","Conjuction":"Or","Description":"<span class=\"ConjDesc\">Or<\/span> <span class=\"QuestionDesc\">StoreID<\/span> <span class=\"LeftOpDesc\">S109<\/span> <span class=\"OpDesc\">Is Selected<\/span> ","LeftOperand":"q:\/\/QID2\/SelectableChoice\/9","LogicType":"Question","Operator":"Selected","QuestionID":"QID2","QuestionIDFromLocator":"QID2","QuestionIsInLoop":"no","Type":"Expression"},"9":{"ChoiceLocator":"q:\/\/QID2\/SelectableChoice\/10","Conjuction":"Or","Description":"<span class=\"ConjDesc\">Or<\/span> <span class=\"QuestionDesc\">StoreID<\/span> <span class=\"LeftOpDesc\">S110<\/span> <span class=\"OpDesc\">Is Selected<\/span> ","LeftOperand":"q:\/\/QID2\/SelectableChoice\/10","LogicType":"Question","Operator":"Selected","QuestionID":"QID2","QuestionIDFromLocator":"QID2","QuestionIsInLoop":"no","Type":"Expression"},"Type":"If"},"Type":"BooleanExpression","inPage":false}}},"ChoiceOrder":[1,2],"Validation":{"Settings":{"ForceResponse":"ON","ForceResponseType":"ON","Type":"None"}},"Language":[],"NextChoiceId":3,"NextAnswerId":1,"QuestionID":"QID5","DataVisibility":{"Private":false,"Hidden":false}}},{"SurveyID":"SV_ePWavu5K3FLgTJz","Element":"SQ","PrimaryAttribute":"QID7","SecondaryAttribute":"CustID","TertiaryAttribute":null,"Payload":{"QuestionText":"CustID","DefaultChoices":false,"DataExportTag":"CustID","QuestionType":"TE","Selector":"SL","Configuration":{"QuestionDescriptionOption":"UseText","InputWidth":155,"InputHeight":29},"QuestionDescription":"CustID","Validation":{"Settings":{"ForceResponse":"ON","ForceResponseType":"ON","Type":"ContentType","MinChars":"6","TotalChars":"6","ContentType":"ValidNumber","ValidDateType":"DateWithFormat","ValidPhoneType":"ValidUSPhone","ValidZipType":"ValidUSZip"}},"GradingData":[],"Language":[],"NextChoiceId":4,"NextAnswerId":1,"SearchSource":{"AllowFreeResponse":"false"},"QuestionID":"QID7","DataVisibility":{"Private":false,"Hidden":false}}},{"SurveyID":"SV_ePWavu5K3FLgTJz","Element":"SQ","PrimaryAttribute":"QID1","SecondaryAttribute":"Date","TertiaryAttribute":null,"Payload":{"QuestionText":"Date","DefaultChoices":false,"DataExportTag":"Date","QuestionID":"QID1","QuestionType":"TE","Selector":"SL","Configuration":{"QuestionDescriptionOption":"UseText","InputWidth":114,"InputHeight":29},"QuestionDescription":"Date","Validation":{"Settings":{"ForceResponse":"ON","ForceResponseType":"ON","Type":"ContentType","ContentType":"ValidDate","ValidDateType":"DateWithFormat","ValidPhoneType":"ValidUSPhone","ValidZipType":"ValidUSZip"}},"GradingData":[],"Language":[],"NextChoiceId":4,"NextAnswerId":1,"SearchSource":{"AllowFreeResponse":"false"}}},{"SurveyID":"SV_ePWavu5K3FLgTJz","Element":"RS","PrimaryAttribute":"RS_abXxK0b6Vi2kLfn","SecondaryAttribute":"Default Response Set","TertiaryAttribute":null,"Payload":null},{"SurveyID":"SV_ePWavu5K3FLgTJz","Element":"SQ","PrimaryAttribute":"QID12","SecondaryAttribute":"Feedback","TertiaryAttribute":null,"Payload":{"QuestionText":"Feedback","DefaultChoices":false,"DataExportTag":"Feedback","QuestionType":"TE","Selector":"SL","Configuration":{"QuestionDescriptionOption":"UseText","InputWidth":169,"InputHeight":29},"QuestionDescription":"Feedback","Validation":{"Settings":{"ForceResponse":"ON","ForceResponseType":"ON","Type":"CharRange","MinChars":"4","TotalChars":"10","ContentType":null,"ValidDateType":"DateWithFormat","ValidPhoneType":"ValidUSPhone","ValidZipType":"ValidUSZip"}},"GradingData":[],"Language":[],"NextChoiceId":4,"NextAnswerId":1,"SearchSource":{"AllowFreeResponse":"false"},"QuestionID":"QID12","DataVisibility":{"Private":false,"Hidden":false}}},{"SurveyID":"SV_ePWavu5K3FLgTJz","Element":"SQ","PrimaryAttribute":"QID9","SecondaryAttribute":"Gender","TertiaryAttribute":null,"Payload":{"QuestionText":"Gender","DataExportTag":"Gender","QuestionType":"MC","Selector":"SAVR","SubSelector":"TX","Configuration":{"QuestionDescriptionOption":"UseText","Autoscale":{"YScale":{"Name":"maleFemale","Type":"likert","Reverse":false}}},"QuestionDescription":"Gender","Choices":{"1":{"Display":"Male"},"2":{"Display":"Female"}},"ChoiceOrder":[1,2],"Validation":{"Settings":{"ForceResponse":"ON","ForceResponseType":"ON","Type":"None"}},"Language":[],"NextChoiceId":3,"NextAnswerId":1,"QuestionID":"QID9"}},{"SurveyID":"SV_ePWavu5K3FLgTJz","Element":"SQ","PrimaryAttribute":"QID3","SecondaryAttribute":"ProductName","TertiaryAttribute":null,"Payload":{"QuestionText":"ProductName","DataExportTag":"ProductName","QuestionType":"MC","Selector":"SAVR","SubSelector":"TX","Configuration":{"QuestionDescriptionOption":"UseText"},"QuestionDescription":"ProductName","Choices":{"1":{"Display":"Air Max"},"2":{"Display":"Air Force"},"3":{"Display":"Air Jordan"},"4":{"Display":"Air Trainer"},"5":{"Display":"Air Stab"},"6":{"Display":"Air Huarache"},"7":{"Display":"Air Griffey Max"},"8":{"Display":"Dunk"},"9":{"Display":"Air Raid"},"10":{"Display":"Cortez"},"11":{"Display":"Air Presto"},"12":{"Display":"Air Safari"},"13":{"Display":"Hyperdunk"},"14":{"Display":"Flyknit Trainer"},"15":{"Display":"Air Tech Challenge"},"16":{"Display":"Terminator"},"17":{"Display":"Foamposite One"},"18":{"Display":"LeBron X"},"19":{"Display":"Pegasus"},"20":{"Display":"Blazer"},"21":{"Display":"Challenge Court"},"22":{"Display":"Zoom Kobe"},"23":{"Display":"Mowabb"},"24":{"Display":"Air Max Uptempo"},"25":{"Display":"LunaRacer"},"26":{"Display":"Air Flight 89"},"27":{"Display":"Free Run 2"},"28":{"Display":"Air Force Max"},"29":{"Display":"Air 180"},"30":{"Display":"Air Penny"}},"ChoiceOrder":[1,2,3,4,5,6,7,8,9,10,11,12,13,14,15,16,17,18,19,20,21,22,23,24,25,26,27,28,29,30],"Validation":{"Settings":{"ForceResponse":"ON","ForceResponseType":"ON","Type":"None"}},"Language":[],"NextChoiceId":31,"NextAnswerId":1,"QuestionID":"QID3","DataVisibility":{"Private":false,"Hidden":false}}},{"SurveyID":"SV_ePWavu5K3FLgTJz","Element":"SQ","PrimaryAttribute":"QID11","SecondaryAttribute":"Review","TertiaryAttribute":null,"Payload":{"QuestionText":"Review","DefaultChoices":false,"DataExportTag":"Review","QuestionID":"QID11","QuestionType":"Slider","Selector":"STAR","Configuration":{"QuestionDescriptionOption":"UseText","StarCount":5,"StarType":"discrete","ShowValue":true},"QuestionDescription":"Review","Choices":{"1":{"Display":"Review"}},"ChoiceOrder":[1],"Validation":{"Settings":{"ForceResponse":"ON","ForceResponseType":"ON","Type":"None"}},"GradingData":[],"Language":[],"NextChoiceId":2,"NextAnswerId":1,"Labels":[]}},{"SurveyID":"SV_ePWavu5K3FLgTJz","Element":"SQ","PrimaryAttribute":"QID2","SecondaryAttribute":"StoreID","TertiaryAttribute":null,"Payload":{"QuestionText":"StoreID","DataExportTag":"StoreID","QuestionType":"MC","Selector":"SAVR","SubSelector":"TX","Configuration":{"QuestionDescriptionOption":"UseText"},"QuestionDescription":"StoreID","Choices":{"1":{"Display":"S101"},"2":{"Display":"S102"},"3":{"Display":"S103"},"4":{"Display":"S104"},"5":{"Display":"S105"},"6":{"Display":"S106"},"7":{"Display":"S107"},"8":{"Display":"S108"},"9":{"Display":"S109"},"10":{"Display":"S110"},"11":{"Display":"S111"},"12":{"Display":"S112"},"13":{"Display":"S113"},"14":{"Display":"S114"},"15":{"Display":"S115"},"16":{"Display":"S116"},"17":{"Display":"S117"},"18":{"Display":"S118"},"19":{"Display":"S119"},"20":{"Display":"S120"}},"ChoiceOrder":[1,2,3,4,5,6,7,8,9,10,11,12,13,14,15,16,17,18,19,20],"Validation":{"Settings":{"ForceResponse":"ON","ForceResponseType":"ON","Type":"None"}},"Language":[],"NextChoiceId":21,"NextAnswerId":1,"QuestionID":"QID2"}},{"SurveyID":"SV_ePWavu5K3FLgTJz","Element":"SQ","PrimaryAttribute":"QID4","SecondaryAttribute":"Unit Sold","TertiaryAttribute":null,"Payload":{"QuestionText":"Unit Sold","DefaultChoices":false,"DataExportTag":"Unit Sold","QuestionID":"QID4","QuestionType":"TE","Selector":"SL","Configuration":{"QuestionDescriptionOption":"UseText","InputWidth":100,"InputHeight":29},"QuestionDescription":"Unit Sold","Validation":{"Settings":{"ForceResponse":"ON","ForceResponseType":"ON","Type":"ContentType","ContentType":"ValidNumber","ValidDateType":"DateWithFormat","ValidPhoneType":"ValidUSPhone","ValidZipType":"ValidUSZip","ValidNumber":{"Min":"1","Max":"3","NumDecimals":"0"}}},"GradingData":[],"Language":[],"NextChoiceId":4,"NextAnswerId":1,"SearchSource":{"AllowFreeResponse":"false"},"DataVisibility":{"Private":false,"Hidden":false}}}]}